
Microsoft Visual Studio Solution File, Format Version 12.00
# Visual Studio Version 17
VisualStudioVersion = 17.10.34928.147
MinimumVisualStudioVersion = 10.0.40219.1
Project("{FAE04EC0-301F-11D3-BF4B-00C04F79EFBC}") = "MovieAPI", "MovieApi\MovieAPI.csproj", "{E23A55F5-7BB8-4817-9E08-9E7ED75C35C9}"
EndProject
Project("{E53339B2-1760-4266-BCC7-CA923CBCF16C}") = "docker-compose", "docker-compose.dcproj", "{F1BFA29A-1684-4BF6-8B52-DB8EEBEA8AC9}"
EndProject
Project("{FAE04EC0-301F-11D3-BF4B-00C04F79EFBC}") = "ApiGateway", "ApiGateway\ApiGateway.csproj", "{98EF32F6-D8F5-4257-BEDD-A3CA57BD31A1}"
EndProject
Project("{FAE04EC0-301F-11D3-BF4B-00C04F79EFBC}") = "JwtAuthenticationManager", "JwtAuthenticationManager\JwtAuthenticationManager.csproj", "{AB9FDB93-0A1D-4042-963F-094EE69D9E5C}"
EndProject
Project("{FAE04EC0-301F-11D3-BF4B-00C04F79EFBC}") = "AuthenticationWebApi", "AuthenticationWebApi\AuthenticationWebApi.csproj", "{E8CEBE36-1C50-434C-B6D1-7FBA002E5738}"
EndProject
Global
	GlobalSection(SolutionConfigurationPlatforms) = preSolution
		Debug|Any CPU = Debug|Any CPU
		Release|Any CPU = Release|Any CPU
	EndGlobalSection
	GlobalSection(ProjectConfigurationPlatforms) = postSolution
		{E23A55F5-7BB8-4817-9E08-9E7ED75C35C9}.Debug|Any CPU.ActiveCfg = Debug|Any CPU
		{E23A55F5-7BB8-4817-9E08-9E7ED75C35C9}.Debug|Any CPU.Build.0 = Debug|Any CPU
		{E23A55F5-7BB8-4817-9E08-9E7ED75C35C9}.Release|Any CPU.ActiveCfg = Release|Any CPU
		{E23A55F5-7BB8-4817-9E08-9E7ED75C35C9}.Release|Any CPU.Build.0 = Release|Any CPU
		{F1BFA29A-1684-4BF6-8B52-DB8EEBEA8AC9}.Debug|Any CPU.ActiveCfg = Debug|Any CPU
		{F1BFA29A-1684-4BF6-8B52-DB8EEBEA8AC9}.Debug|Any CPU.Build.0 = Debug|Any CPU
		{F1BFA29A-1684-4BF6-8B52-DB8EEBEA8AC9}.Release|Any CPU.ActiveCfg = Release|Any CPU
		{F1BFA29A-1684-4BF6-8B52-DB8EEBEA8AC9}.Release|Any CPU.Build.0 = Release|Any CPU
		{98EF32F6-D8F5-4257-BEDD-A3CA57BD31A1}.Debug|Any CPU.ActiveCfg = Debug|Any CPU
		{98EF32F6-D8F5-4257-BEDD-A3CA57BD31A1}.Debug|Any CPU.Build.0 = Debug|Any CPU
		{98EF32F6-D8F5-4257-BEDD-A3CA57BD31A1}.Release|Any CPU.ActiveCfg = Release|Any CPU
		{98EF32F6-D8F5-4257-BEDD-A3CA57BD31A1}.Release|Any CPU.Build.0 = Release|Any CPU
		{AB9FDB93-0A1D-4042-963F-094EE69D9E5C}.Debug|Any CPU.ActiveCfg = Debug|Any CPU
		{AB9FDB93-0A1D-4042-963F-094EE69D9E5C}.Debug|Any CPU.Build.0 = Debug|Any CPU
		{AB9FDB93-0A1D-4042-963F-094EE69D9E5C}.Release|Any CPU.ActiveCfg = Release|Any CPU
		{AB9FDB93-0A1D-4042-963F-094EE69D9E5C}.Release|Any CPU.Build.0 = Release|Any CPU
		{E8CEBE36-1C50-434C-B6D1-7FBA002E5738}.Debug|Any CPU.ActiveCfg = Debug|Any CPU
		{E8CEBE36-1C50-434C-B6D1-7FBA002E5738}.Debug|Any CPU.Build.0 = Debug|Any CPU
		{E8CEBE36-1C50-434C-B6D1-7FBA002E5738}.Release|Any CPU.ActiveCfg = Release|Any CPU
		{E8CEBE36-1C50-434C-B6D1-7FBA002E5738}.Release|Any CPU.Build.0 = Release|Any CPU
	EndGlobalSection
	GlobalSection(SolutionProperties) = preSolution
		HideSolutionNode = FALSE
	EndGlobalSection
	GlobalSection(ExtensibilityGlobals) = postSolution
		SolutionGuid = {132A6519-19ED-4729-81E9-D043D3FD696E}
	EndGlobalSection
EndGlobal
